// !$*UTF8*$!
{
	archiveVersion = 1;
	classes = {
	};
	objectVersion = 50;
	objects = {

/* Begin PBXBuildFile section */
		BF70AA0321A50DA400056F87 /* AppDelegate.swift in Sources */ = {isa = PBXBuildFile; fileRef = BF70AA0221A50DA400056F87 /* AppDelegate.swift */; };
		BF70AA0521A50DA400056F87 /* ViewController.swift in Sources */ = {isa = PBXBuildFile; fileRef = BF70AA0421A50DA400056F87 /* ViewController.swift */; };
		BF70AA0821A50DA400056F87 /* Main.storyboard in Resources */ = {isa = PBXBuildFile; fileRef = BF70AA0621A50DA400056F87 /* Main.storyboard */; };
		BF70AA0B21A50DA400056F87 /* Hewan_Langkah.xcdatamodeld in Sources */ = {isa = PBXBuildFile; fileRef = BF70AA0921A50DA400056F87 /* Hewan_Langkah.xcdatamodeld */; };
		BF70AA0D21A50DA500056F87 /* Assets.xcassets in Resources */ = {isa = PBXBuildFile; fileRef = BF70AA0C21A50DA500056F87 /* Assets.xcassets */; };
		BF70AA1021A50DA500056F87 /* LaunchScreen.storyboard in Resources */ = {isa = PBXBuildFile; fileRef = BF70AA0E21A50DA500056F87 /* LaunchScreen.storyboard */; };
/* End PBXBuildFile section */

/* Begin PBXFileReference section */
		BF70A9FF21A50DA400056F87 /* Hewan Langkah.app */ = {isa = PBXFileReference; explicitFileType = wrapper.application; includeInIndex = 0; path = "Hewan Langkah.app"; sourceTree = BUILT_PRODUCTS_DIR; };
		BF70AA0221A50DA400056F87 /* AppDelegate.swift */ = {isa = PBXFileReference; lastKnownFileType = sourcecode.swift; path = AppDelegate.swift; sourceTree = "<group>"; };
		BF70AA0421A50DA400056F87 /* ViewController.swift */ = {isa = PBXFileReference; lastKnownFileType = sourcecode.swift; path = ViewController.swift; sourceTree = "<group>"; };
		BF70AA0721A50DA400056F87 /* Base */ = {isa = PBXFileReference; lastKnownFileType = file.storyboard; name = Base; path = Base.lproj/Main.storyboard; sourceTree = "<group>"; };
		BF70AA0A21A50DA400056F87 /* Hewan_Langkah.xcdatamodel */ = {isa = PBXFileReference; lastKnownFileType = wrapper.xcdatamodel; path = Hewan_Langkah.xcdatamodel; sourceTree = "<group>"; };
		BF70AA0C21A50DA500056F87 /* Assets.xcassets */ = {isa = PBXFileReference; lastKnownFileType = folder.assetcatalog; path = Assets.xcassets; sourceTree = "<group>"; };
		BF70AA0F21A50DA500056F87 /* Base */ = {isa = PBXFileReference; lastKnownFileType = file.storyboard; name = Base; path = Base.lproj/LaunchScreen.storyboard; sourceTree = "<group>"; };
		BF70AA1121A50DA500056F87 /* Info.plist */ = {isa = PBXFileReference; lastKnownFileType = text.plist.xml; path = Info.plist; sourceTree = "<group>"; };
/* End PBXFileReference section */

/* Begin PBXFrameworksBuildPhase section */
		BF70A9FC21A50DA400056F87 /* Frameworks */ = {
			isa = PBXFrameworksBuildPhase;
			buildActionMask = 2147483647;
			files = (
			);
			runOnlyForDeploymentPostprocessing = 0;
		};
/* End PBXFrameworksBuildPhase section */

/* Begin PBXGroup section */
		BF70A9F621A50DA400056F87 = {
			isa = PBXGroup;
			children = (
				BF70AA0121A50DA400056F87 /* Hewan Langkah */,
				BF70AA0021A50DA400056F87 /* Products */,
			);
			sourceTree = "<group>";
		};
		BF70AA0021A50DA400056F87 /* Products */ = {
			isa = PBXGroup;
			children = (
				BF70A9FF21A50DA400056F87 /* Hewan Langkah.app */,
			);
			name = Products;
			sourceTree = "<group>";
		};
		BF70AA0121A50DA400056F87 /* Hewan Langkah */ = {
			isa = PBXGroup;
			children = (
				BF70AA0221A50DA400056F87 /* AppDelegate.swift */,
				BF70AA0421A50DA400056F87 /* ViewController.swift */,
				BF70AA0621A50DA400056F87 /* Main.storyboard */,
				BF70AA0C21A50DA500056F87 /* Assets.xcassets */,
				BF70AA0E21A50DA500056F87 /* LaunchScreen.storyboard */,
				BF70AA1121A50DA500056F87 /* Info.plist */,
				BF70AA0921A50DA400056F87 /* Hewan_Langkah.xcdatamodeld */,
			);
			path = "Hewan Langkah";
			sourceTree = "<group>";
		};
/* End PBXGroup section */

/* Begin PBXNativeTarget section */
		BF70A9FE21A50DA400056F87 /* Hewan Langkah */ = {
			isa = PBXNativeTarget;
			buildConfigurationList = BF70AA1421A50DA500056F87 /* Build configuration list for PBXNativeTarget "Hewan Langkah" */;
			buildPhases = (
				BF70A9FB21A50DA400056F87 /* Sources */,
				BF70A9FC21A50DA400056F87 /* Frameworks */,
				BF70A9FD21A50DA400056F87 /* Resources */,
			);
			buildRules = (
			);
			dependencies = (
			);
			name = "Hewan Langkah";
			productName = "Hewan Langkah";
			productReference = BF70A9FF21A50DA400056F87 /* Hewan Langkah.app */;
			productType = "com.apple.product-type.application";
		};
/* End PBXNativeTarget section */

/* Begin PBXProject section */
		BF70A9F721A50DA400056F87 /* Project object */ = {
			isa = PBXProject;
			attributes = {
				LastSwiftUpdateCheck = 0940;
				LastUpgradeCheck = 0940;
				ORGANIZATIONNAME = Syams.org;
				TargetAttributes = {
					BF70A9FE21A50DA400056F87 = {
						CreatedOnToolsVersion = 9.4;
					};
				};
			};
			buildConfigurationList = BF70A9FA21A50DA400056F87 /* Build configuration list for PBXProject "Hewan Langkah" */;
			compatibilityVersion = "Xcode 9.3";
			developmentRegion = en;
			hasScannedForEncodings = 0;
			knownRegions = (
				en,
				Base,
			);
			mainGroup = BF70A9F621A50DA400056F87;
			productRefGroup = BF70AA0021A50DA400056F87 /* Products */;
			projectDirPath = "";
			projectRoot = "";
			targets = (
				BF70A9FE21A50DA400056F87 /* Hewan Langkah */,
			);
		};
/* End PBXProject section */

/* Begin PBXResourcesBuildPhase section */
		BF70A9FD21A50DA400056F87 /* Resources */ = {
			isa = PBXResourcesBuildPhase;
			buildActionMask = 2147483647;
			files = (
				BF70AA1021A50DA500056F87 /* LaunchScreen.storyboard in Resources */,
				BF70AA0D21A50DA500056F87 /* Assets.xcassets in Resources */,
				BF70AA0821A50DA400056F87 /* Main.storyboard in Resources */,
			);
			runOnlyForDeploymentPostprocessing = 0;
		};
/* End PBXResourcesBuildPhase section */

/* Begin PBXSourcesBuildPhase section */
		BF70A9FB21A50DA400056F87 /* Sources */ = {
			isa = PBXSourcesBuildPhase;
			buildActionMask = 2147483647;
			files = (
				BF70AA0521A50DA400056F87 /* ViewController.swift in Sources */,
				BF70AA0321A50DA400056F87 /* AppDelegate.swift in Sources */,
				BF70AA0B21A50DA400056F87 /* Hewan_Langkah.xcdatamodeld in Sources */,
			);
			runOnlyForDeploymentPostprocessing = 0;
		};
/* End PBXSourcesBuildPhase section */

/* Begin PBXVariantGroup section */
		BF70AA0621A50DA400056F87 /* Main.storyboard */ = {
			isa = PBXVariantGroup;
			children = (
				BF70AA0721A50DA400056F87 /* Base */,
			);
			name = Main.storyboard;
			sourceTree = "<group>";
		};
		BF70AA0E21A50DA500056F87 /* LaunchScreen.storyboard */ = {
			isa = PBXVariantGroup;
			children = (
				BF70AA0F21A50DA500056F87 /* Base */,
			);
			name = LaunchScreen.storyboard;
			sourceTree = "<group>";
		};
/* End PBXVariantGroup section */

/* Begin XCBuildConfiguration section */
		BF70AA1221A50DA500056F87 /* Debug */ = {
			isa = XCBuildConfiguration;
			buildSettings = {
				ALWAYS_SEARCH_USER_PATHS = NO;
				CLANG_ANALYZER_NONNULL = YES;
				CLANG_ANALYZER_NUMBER_OBJECT_CONVERSION = YES_AGGRESSIVE;
				CLANG_CXX_LANGUAGE_STANDARD = "gnu++14";
				CLANG_CXX_LIBRARY = "libc++";
				CLANG_ENABLE_MODULES = YES;
				CLANG_ENABLE_OBJC_ARC = YES;
				CLANG_ENABLE_OBJC_WEAK = YES;
				CLANG_WARN_BLOCK_CAPTURE_AUTORELEASING = YES;
				CLANG_WARN_BOOL_CONVERSION = YES;
				CLANG_WARN_COMMA = YES;
				CLANG_WARN_CONSTANT_CONVERSION = YES;
				CLANG_WARN_DEPRECATED_OBJC_IMPLEMENTATIONS = YES;
				CLANG_WARN_DIRECT_OBJC_ISA_USAGE = YES_ERROR;
				CLANG_WARN_DOCUMENTATION_COMMENTS = YES;
				CLANG_WARN_EMPTY_BODY = YES;
				CLANG_WARN_ENUM_CONVERSION = YES;
				CLANG_WARN_INFINITE_RECURSION = YES;
				CLANG_WARN_INT_CONVERSION = YES;
				CLANG_WARN_NON_LITERAL_NULL_CONVERSION = YES;
				CLANG_WARN_OBJC_IMPLICIT_RETAIN_SELF = YES;
				CLANG_WARN_OBJC_LITERAL_CONVERSION = YES;
				CLANG_WARN_OBJC_ROOT_CLASS = YES_ERROR;
				CLANG_WARN_RANGE_LOOP_ANALYSIS = YES;
				CLANG_WARN_STRICT_PROTOTYPES = YES;
				CLANG_WARN_SUSPICIOUS_MOVE = YES;
				CLANG_WARN_UNGUARDED_AVAILABILITY = YES_AGGRESSIVE;
				CLANG_WARN_UNREACHABLE_CODE = YES;
				CLANG_WARN__DUPLICATE_METHOD_MATCH = YES;
				CODE_SIGN_IDENTITY = "iPhone Developer";
				COPY_PHASE_STRIP = NO;
				DEBUG_INFORMATION_FORMAT = dwarf;
				ENABLE_STRICT_OBJC_MSGSEND = YES;
				ENABLE_TESTABILITY = YES;
				GCC_C_LANGUAGE_STANDARD = gnu11;
				GCC_DYNAMIC_NO_PIC = NO;
				GCC_NO_COMMON_BLOCKS = YES;
				GCC_OPTIMIZATION_LEVEL = 0;
				GCC_PREPROCESSOR_DEFINITIONS = (
					"DEBUG=1",
					"$(inherited)",
				);
				GCC_WARN_64_TO_32_BIT_CONVERSION = YES;
				GCC_WARN_ABOUT_RETURN_TYPE = YES_ERROR;
				GCC_WARN_UNDECLARED_SELECTOR = YES;
				GCC_WARN_UNINITIALIZED_AUTOS = YES_AGGRESSIVE;
				GCC_WARN_UNUSED_FUNCTION = YES;
				GCC_WARN_UNUSED_VARIABLE = YES;
				IPHONEOS_DEPLOYMENT_TARGET = 11.4;
				MTL_ENABLE_DEBUG_INFO = YES;
				ONLY_ACTIVE_ARCH = YES;
				SDKROOT = iphoneos;
				SWIFT_ACTIVE_COMPILATION_CONDITIONS = DEBUG;
				SWIFT_OPTIMIZATION_LEVEL = "-Onone";
			};
			name = Debug;
		};
		BF70AA1321A50DA500056F87 /* Release */ = {
			isa = XCBuildConfiguration;
			buildSettings = {
				ALWAYS_SEARCH_USER_PATHS = NO;
				CLANG_ANALYZER_NONNULL = YES;
				CLANG_ANALYZER_NUMBER_OBJECT_CONVERSION = YES_AGGRESSIVE;
				CLANG_CXX_LANGUAGE_STANDARD = "gnu++14";
				CLANG_CXX_LIBRARY = "libc++";
				CLANG_ENABLE_MODULES = YES;
				CLANG_ENABLE_OBJC_ARC = YES;
				CLANG_ENABLE_OBJC_WEAK = YES;
				CLANG_WARN_BLOCK_CAPTURE_AUTORELEASING = YES;
				CLANG_WARN_BOOL_CONVERSION = YES;
				CLANG_WARN_COMMA = YES;
				CLANG_WARN_CONSTANT_CONVERSION = YES;
				CLANG_WARN_DEPRECATED_OBJC_IMPLEMENTATIONS = YES;
				CLANG_WARN_DIRECT_OBJC_ISA_USAGE = YES_ERROR;
				CLANG_WARN_DOCUMENTATION_COMMENTS = YES;
				CLANG_WARN_EMPTY_BODY = YES;
				CLANG_WARN_ENUM_CONVERSION = YES;
				CLANG_WARN_INFINITE_RECURSION = YES;
				CLANG_WARN_INT_CONVERSION = YES;
				CLANG_WARN_NON_LITERAL_NULL_CONVERSION = YES;
				CLANG_WARN_OBJC_IMPLICIT_RETAIN_SELF = YES;
				CLANG_WARN_OBJC_LITERAL_CONVERSION = YES;
				CLANG_WARN_OBJC_ROOT_CLASS = YES_ERROR;
				CLANG_WARN_RANGE_LOOP_ANALYSIS = YES;
				CLANG_WARN_STRICT_PROTOTYPES = YES;
				CLANG_WARN_SUSPICIOUS_MOVE = YES;
				CLANG_WARN_UNGUARDED_AVAILABILITY = YES_AGGRESSIVE;
				CLANG_WARN_UNREACHABLE_CODE = YES;
				CLANG_WARN__DUPLICATE_METHOD_MATCH = YES;
				CODE_SIGN_IDENTITY = "iPhone Developer";
				COPY_PHASE_STRIP = NO;
				DEBUG_INFORMATION_FORMAT = "dwarf-with-dsym";
				ENABLE_NS_ASSERTIONS = NO;
				ENABLE_STRICT_OBJC_MSGSEND = YES;
				GCC_C_LANGUAGE_STANDARD = gnu11;
				GCC_NO_COMMON_BLOCKS = YES;
				GCC_WARN_64_TO_32_BIT_CONVERSION = YES;
				GCC_WARN_ABOUT_RETURN_TYPE = YES_ERROR;
				GCC_WARN_UNDECLARED_SELECTOR = YES;
				GCC_WARN_UNINITIALIZED_AUTOS = YES_AGGRESSIVE;
				GCC_WARN_UNUSED_FUNCTION = YES;
				GCC_WARN_UNUSED_VARIABLE = YES;
				IPHONEOS_DEPLOYMENT_TARGET = 11.4;
				MTL_ENABLE_DEBUG_INFO = NO;
				SDKROOT = iphoneos;
				SWIFT_COMPILATION_MODE = wholemodule;
				SWIFT_OPTIMIZATION_LEVEL = "-O";
				VALIDATE_PRODUCT = YES;
			};
			name = Release;
		};
		BF70AA1521A50DA500056F87 /* Debug */ = {
			isa = XCBuildConfiguration;
			buildSettings = {
				ASSETCATALOG_COMPILER_APPICON_NAME = AppIcon;
				CODE_SIGN_STYLE = Automatic;
				INFOPLIST_FILE = "Hewan Langkah/Info.plist";
				LD_RUNPATH_SEARCH_PATHS = (
					"$(inherited)",
					"@executable_path/Frameworks",
				);
				PRODUCT_BUNDLE_IDENTIFIER = "syamsorg.Hewan-Langkah";
				PRODUCT_NAME = "$(TARGET_NAME)";
				SWIFT_VERSION = 4.0;
				TARGETED_DEVICE_FAMILY = "1,2";
			};
			name = Debug;
		};
		BF70AA1621A50DA500056F87 /* Release */ = {
			isa = XCBuildConfiguration;
			buildSettings = {
				ASSETCATALOG_COMPILER_APPICON_NAME = AppIcon;
				CODE_SIGN_STYLE = Automatic;
				INFOPLIST_FILE = "Hewan Langkah/Info.plist";
				LD_RUNPATH_SEARCH_PATHS = (
					"$(inherited)",
					"@executable_path/Frameworks",
				);
				PRODUCT_BUNDLE_IDENTIFIER = "syamsorg.Hewan-Langkah";
				PRODUCT_NAME = "$(TARGET_NAME)";
				SWIFT_VERSION = 4.0;
				TARGETED_DEVICE_FAMILY = "1,2";
			};
			name = Release;
		};
/* End XCBuildConfiguration section */

/* Begin XCConfigurationList section */
		BF70A9FA21A50DA400056F87 /* Build configuration list for PBXProject "Hewan Langkah" */ = {
			isa = XCConfigurationList;
			buildConfigurations = (
				BF70AA1221A50DA500056F87 /* Debug */,
				BF70AA1321A50DA500056F87 /* Release */,
			);
			defaultConfigurationIsVisible = 0;
			defaultConfigurationName = Release;
		};
		BF70AA1421A50DA500056F87 /* Build configuration list for PBXNativeTarget "Hewan Langkah" */ = {
			isa = XCConfigurationList;
			buildConfigurations = (
				BF70AA1521A50DA500056F87 /* Debug */,
				BF70AA1621A50DA500056F87 /* Release */,
			);
			defaultConfigurationIsVisible = 0;
			defaultConfigurationName = Release;
		};
/* End XCConfigurationList section */

/* Begin XCVersionGroup section */
		BF70AA0921A50DA400056F87 /* Hewan_Langkah.xcdatamodeld */ = {
			isa = XCVersionGroup;
			children = (
				BF70AA0A21A50DA400056F87 /* Hewan_Langkah.xcdatamodel */,
			);
			currentVersion = BF70AA0A21A50DA400056F87 /* Hewan_Langkah.xcdatamodel */;
			path = Hewan_Langkah.xcdatamodeld;
			sourceTree = "<group>";
			versionGroupType = wrapper.xcdatamodel;
		};
/* End XCVersionGroup section */
	};
	rootObject = BF70A9F721A50DA400056F87 /* Project object */;
}
